
Microsoft Visual Studio Solution File, Format Version 12.00
# Visual Studio Version 17
Project("{8BC9CEB8-8B4A-11D0-8D11-00A0C91BC942}") = "ALL_BUILD", "ALL_BUILD.vcxproj", "{1292333B-3CFD-3C96-934E-EB9B81152417}"
	ProjectSection(ProjectDependencies) = postProject
		{312D1CAA-7647-32B2-803C-65C30FF283B7} = {312D1CAA-7647-32B2-803C-65C30FF283B7}
		{6903BA1C-0E38-38E3-A63E-083CD5803495} = {6903BA1C-0E38-38E3-A63E-083CD5803495}
	EndProjectSection
EndProject
Project("{8BC9CEB8-8B4A-11D0-8D11-00A0C91BC942}") = "ScanSense", "ScanSense.vcxproj", "{312D1CAA-7647-32B2-803C-65C30FF283B7}"
	ProjectSection(ProjectDependencies) = postProject
		{6903BA1C-0E38-38E3-A63E-083CD5803495} = {6903BA1C-0E38-38E3-A63E-083CD5803495}
	EndProjectSection
EndProject
Project("{8BC9CEB8-8B4A-11D0-8D11-00A0C91BC942}") = "ZERO_CHECK", "ZERO_CHECK.vcxproj", "{6903BA1C-0E38-38E3-A63E-083CD5803495}"
	ProjectSection(ProjectDependencies) = postProject
	EndProjectSection
EndProject
Global
	GlobalSection(SolutionConfigurationPlatforms) = preSolution
		Debug|x64 = Debug|x64
		Release|x64 = Release|x64
		MinSizeRel|x64 = MinSizeRel|x64
		RelWithDebInfo|x64 = RelWithDebInfo|x64
	EndGlobalSection
	GlobalSection(ProjectConfigurationPlatforms) = postSolution
		{1292333B-3CFD-3C96-934E-EB9B81152417}.Debug|x64.ActiveCfg = Debug|x64
		{1292333B-3CFD-3C96-934E-EB9B81152417}.Release|x64.ActiveCfg = Release|x64
		{1292333B-3CFD-3C96-934E-EB9B81152417}.MinSizeRel|x64.ActiveCfg = MinSizeRel|x64
		{1292333B-3CFD-3C96-934E-EB9B81152417}.RelWithDebInfo|x64.ActiveCfg = RelWithDebInfo|x64
		{312D1CAA-7647-32B2-803C-65C30FF283B7}.Debug|x64.ActiveCfg = Debug|x64
		{312D1CAA-7647-32B2-803C-65C30FF283B7}.Debug|x64.Build.0 = Debug|x64
		{312D1CAA-7647-32B2-803C-65C30FF283B7}.Release|x64.ActiveCfg = Release|x64
		{312D1CAA-7647-32B2-803C-65C30FF283B7}.Release|x64.Build.0 = Release|x64
		{312D1CAA-7647-32B2-803C-65C30FF283B7}.MinSizeRel|x64.ActiveCfg = MinSizeRel|x64
		{312D1CAA-7647-32B2-803C-65C30FF283B7}.MinSizeRel|x64.Build.0 = MinSizeRel|x64
		{312D1CAA-7647-32B2-803C-65C30FF283B7}.RelWithDebInfo|x64.ActiveCfg = RelWithDebInfo|x64
		{312D1CAA-7647-32B2-803C-65C30FF283B7}.RelWithDebInfo|x64.Build.0 = RelWithDebInfo|x64
		{6903BA1C-0E38-38E3-A63E-083CD5803495}.Debug|x64.ActiveCfg = Debug|x64
		{6903BA1C-0E38-38E3-A63E-083CD5803495}.Debug|x64.Build.0 = Debug|x64
		{6903BA1C-0E38-38E3-A63E-083CD5803495}.Release|x64.ActiveCfg = Release|x64
		{6903BA1C-0E38-38E3-A63E-083CD5803495}.Release|x64.Build.0 = Release|x64
		{6903BA1C-0E38-38E3-A63E-083CD5803495}.MinSizeRel|x64.ActiveCfg = MinSizeRel|x64
		{6903BA1C-0E38-38E3-A63E-083CD5803495}.MinSizeRel|x64.Build.0 = MinSizeRel|x64
		{6903BA1C-0E38-38E3-A63E-083CD5803495}.RelWithDebInfo|x64.ActiveCfg = RelWithDebInfo|x64
		{6903BA1C-0E38-38E3-A63E-083CD5803495}.RelWithDebInfo|x64.Build.0 = RelWithDebInfo|x64
	EndGlobalSection
	GlobalSection(ExtensibilityGlobals) = postSolution
		SolutionGuid = {496671F2-C58D-3959-8FD1-846B04EF636C}
	EndGlobalSection
	GlobalSection(ExtensibilityAddIns) = postSolution
	EndGlobalSection
EndGlobal
